
Microsoft Visual Studio Solution File, Format Version 12.00
# Visual Studio Version 16
VisualStudioVersion = 16.0.29911.84
MinimumVisualStudioVersion = 10.0.40219.1
Project("{FAE04EC0-301F-11D3-BF4B-00C04F79EFBC}") = "OdeToFood", "OdeToFood\OdeToFood.csproj", "{26E91935-1DD8-4F0A-8A1F-9BF0F8F5C0A9}"
EndProject
Project("{FAE04EC0-301F-11D3-BF4B-00C04F79EFBC}") = "OdeToFood.Core", "OdeToFood.Core\OdeToFood.Core.csproj", "{10D87A7D-9AA3-4530-B0AA-D0BDEAC8ECE1}"
EndProject
Project("{FAE04EC0-301F-11D3-BF4B-00C04F79EFBC}") = "OdeToFood.Data", "OdeToFood.Data\OdeToFood.Data.csproj", "{D3B104F6-E466-43CA-B104-414AB3FFF8AD}"
EndProject
Global
	GlobalSection(SolutionConfigurationPlatforms) = preSolution
		Debug|Any CPU = Debug|Any CPU
		Release|Any CPU = Release|Any CPU
	EndGlobalSection
	GlobalSection(ProjectConfigurationPlatforms) = postSolution
		{26E91935-1DD8-4F0A-8A1F-9BF0F8F5C0A9}.Debug|Any CPU.ActiveCfg = Debug|Any CPU
		{26E91935-1DD8-4F0A-8A1F-9BF0F8F5C0A9}.Debug|Any CPU.Build.0 = Debug|Any CPU
		{26E91935-1DD8-4F0A-8A1F-9BF0F8F5C0A9}.Release|Any CPU.ActiveCfg = Release|Any CPU
		{26E91935-1DD8-4F0A-8A1F-9BF0F8F5C0A9}.Release|Any CPU.Build.0 = Release|Any CPU
		{10D87A7D-9AA3-4530-B0AA-D0BDEAC8ECE1}.Debug|Any CPU.ActiveCfg = Debug|Any CPU
		{10D87A7D-9AA3-4530-B0AA-D0BDEAC8ECE1}.Debug|Any CPU.Build.0 = Debug|Any CPU
		{10D87A7D-9AA3-4530-B0AA-D0BDEAC8ECE1}.Release|Any CPU.ActiveCfg = Release|Any CPU
		{10D87A7D-9AA3-4530-B0AA-D0BDEAC8ECE1}.Release|Any CPU.Build.0 = Release|Any CPU
		{D3B104F6-E466-43CA-B104-414AB3FFF8AD}.Debug|Any CPU.ActiveCfg = Debug|Any CPU
		{D3B104F6-E466-43CA-B104-414AB3FFF8AD}.Debug|Any CPU.Build.0 = Debug|Any CPU
		{D3B104F6-E466-43CA-B104-414AB3FFF8AD}.Release|Any CPU.ActiveCfg = Release|Any CPU
		{D3B104F6-E466-43CA-B104-414AB3FFF8AD}.Release|Any CPU.Build.0 = Release|Any CPU
	EndGlobalSection
	GlobalSection(SolutionProperties) = preSolution
		HideSolutionNode = FALSE
	EndGlobalSection
	GlobalSection(ExtensibilityGlobals) = postSolution
		SolutionGuid = {85295F58-55CA-450D-B325-09F20B847FA6}
	EndGlobalSection
EndGlobal
